{
    "requires": true,
    "lockfileVersion": 1,
    "dependencies": {
        "axios": {
            "version": "0.18.0",
            "resolved": "https://registry.npmjs.org/axios/-/axios-0.18.0.tgz",
            "integrity": "sha1-MtU+SFHv3AoRmTts0AB4nXDAUQI="
        },
        "bootstrap": {
            "version": "4.3.1",
            "resolved": "https://registry.npmjs.org/bootstrap/-/bootstrap-4.3.1.tgz",
            "integrity": "sha512-rXqOmH1VilAt2DyPzluTi2blhk17bO7ef+zLLPlWvG494pDxcM234pJ8wTc/6R40UWizAIIMgxjvxZg5kmsbag=="
        },
        "browser-sync": {
            "version": "2.26.3",
            "resolved": "https://registry.npmjs.org/browser-sync/-/browser-sync-2.26.3.tgz",
            "integrity": "sha512-VLzpjCA4uXqfzkwqWtMM6hvPm2PNHp2RcmzBXcbi6C9WpkUhhFb8SVAr4CFrCsFxDg+oY6HalOjn8F+egyvhag==",
            "dev": true
        },
        "browser-sync-webpack-plugin": {
            "version": "2.0.1",
            "resolved": "https://registry.npmjs.org/browser-sync-webpack-plugin/-/browser-sync-webpack-plugin-2.0.1.tgz",
            "integrity": "sha512-F9vkVErG4N1XCJb1OI+RD/5oAK1nMd1G5UDfNE/FmUVAyo24YItfXN+etzA8MBC4Z7oLjkuBKDeeLlbFa4NBGQ==",
            "dev": true
        },
        "cross-env": {
            "version": "5.2.0",
            "resolved": "https://registry.npmjs.org/cross-env/-/cross-env-5.2.0.tgz",
            "integrity": "sha512-jtdNFfFW1hB7sMhr/H6rW1Z45LFqyI431m3qU6bFXcQ3Eh7LtBuG3h74o7ohHZ3crrRkkqHlo4jYHFPcjroANg=="
        },
        "jquery": {
            "version": "3.5.0",
            "resolved": "https://registry.npmjs.org/jquery/-/jquery-3.5.0.tgz",
            "integrity": "sha512-Xb7SVYMvygPxbFMpTFQiHh1J7HClEaThguL15N/Gg37Lri/qKyhRGZYzHRyLH8Stq3Aow0LsHO2O2ci86fCrNQ==",
            "dev": true
        },
        "laravel-mix": {
            "version": "4.0.15",
            "resolved": "https://registry.npmjs.org/laravel-mix/-/laravel-mix-4.0.15.tgz",
            "integrity": "sha512-i1o1HLeBkM/QVe4OhW+aBy0xcQuGq7moQadgSV4kcwiHYjbfpcb1FpcDZByU2HKkkPtwK5uy+O77nVQe24wGPw==",
            "dependencies": {
                "ansi-regex": {
                    "version": "3.0.0",
                    "resolved": "https://registry.npmjs.org/ansi-regex/-/ansi-regex-3.0.0.tgz",
                    "integrity": "sha1-7QMXwyIGT3lGbAKWa922Bas32Zg="
                },
                "camelcase": {
                    "version": "5.3.1",
                    "resolved": "https://registry.npmjs.org/camelcase/-/camelcase-5.3.1.tgz",
                    "integrity": "sha512-L28STB170nwWS63UjtlEOE3dldQApaJXZkOI1uMFfzf3rRuPegHaHesyee+YxQ+W6SvRDQV6UrdOdRiR153wJg=="
                },
                "cliui": {
                    "version": "4.1.0",
                    "resolved": "https://registry.npmjs.org/cliui/-/cliui-4.1.0.tgz",
                    "integrity": "sha512-4FG+RSG9DL7uEwRUZXZn3SS34DiDPfzP0VOiEwtUWlE+AR2EIg+hSyvrIgUUfhdgR/UkAeW2QHgeP+hWrXs7jQ=="
                },
                "find-up": {
                    "version": "3.0.0",
                    "resolved": "https://registry.npmjs.org/find-up/-/find-up-3.0.0.tgz",
                    "integrity": "sha512-1yD6RmLI1XBfxugvORwlck6f75tYL+iR0jqwsOrOxMZyGYqUuDhJ0l4AXdO1iX/FTs9cBAMEk1gWSEx1kSbylg=="
                },
                "fs-extra": {
                    "version": "7.0.1",
                    "resolved": "https://registry.npmjs.org/fs-extra/-/fs-extra-7.0.1.tgz",
                    "integrity": "sha512-YJDaCJZEnBmcbw13fvdAM9AwNOJwOzrE4pqMqBq5nFiEqXUqHwlK4B+3pUw6JNvfSPtX05xFHtYy/1ni01eGCw=="
                },
                "invert-kv": {
                    "version": "2.0.0",
                    "resolved": "https://registry.npmjs.org/invert-kv/-/invert-kv-2.0.0.tgz",
                    "integrity": "sha512-wPVv/y/QQ/Uiirj/vh3oP+1Ww+AWehmi1g5fFWGPF6IpCBCDVrhgHRMvrLfdYcwDh3QJbGXDW4JAuzxElLSqKA=="
                },
                "is-fullwidth-code-point": {
                    "version": "2.0.0",
                    "resolved": "https://registry.npmjs.org/is-fullwidth-code-point/-/is-fullwidth-code-point-2.0.0.tgz",
                    "integrity": "sha1-o7MKXE8ZkYMWeqq5O+764937ZU8="
                },
                "jsonfile": {
                    "version": "4.0.0",
                    "resolved": "https://registry.npmjs.org/jsonfile/-/jsonfile-4.0.0.tgz",
                    "integrity": "sha1-h3Gq4HmbZAdrdmQPygWPnBDjPss="
                },
                "lcid": {
                    "version": "2.0.0",
                    "resolved": "https://registry.npmjs.org/lcid/-/lcid-2.0.0.tgz",
                    "integrity": "sha512-avPEb8P8EGnwXKClwsNUgryVjllcRqtMYa49NTsbQagYuT1DcXnl1915oxWjoyGrXR6zH/Y0Zc96xWsPcoDKeA=="
                },
                "os-locale": {
                    "version": "3.1.0",
                    "resolved": "https://registry.npmjs.org/os-locale/-/os-locale-3.1.0.tgz",
                    "integrity": "sha512-Z8l3R4wYWM40/52Z+S265okfFj8Kt2cC2MKY+xNi3kFs+XGI7WXu/I309QQQYbRW4ijiZ+yxs9pqEhJh0DqW3Q=="
                },
                "string-width": {
                    "version": "2.1.1",
                    "resolved": "https://registry.npmjs.org/string-width/-/string-width-2.1.1.tgz",
                    "integrity": "sha512-nOqH59deCq9SRHlxq1Aw85Jnt4w6KvLKqWVik6oA9ZklXLNIOlqg4F2yrT1MVaTjAqvVwdfeZ7w7aCvJD7ugkw=="
                },
                "strip-ansi": {
                    "version": "4.0.0",
                    "resolved": "https://registry.npmjs.org/strip-ansi/-/strip-ansi-4.0.0.tgz",
                    "integrity": "sha1-qEeQIusaw2iocTibY1JixQXuNo8="
                },
                "which-module": {
                    "version": "2.0.0",
                    "resolved": "https://registry.npmjs.org/which-module/-/which-module-2.0.0.tgz",
                    "integrity": "sha1-2e8H3Od7mQK4o6j6SzHD4/fm6Ho="
                },
                "yargs": {
                    "version": "12.0.5",
                    "resolved": "https://registry.npmjs.org/yargs/-/yargs-12.0.5.tgz",
                    "integrity": "sha512-Lhz8TLaYnxq/2ObqHDql8dX8CJi97oHxrjUcYtzKbbykPtVW9WB+poxI+NM2UIzsMgNCZTIf0AQwsjK5yMAqZw=="
                },
                "yargs-parser": {
                    "version": "11.1.1",
                    "resolved": "https://registry.npmjs.org/yargs-parser/-/yargs-parser-11.1.1.tgz",
                    "integrity": "sha512-C6kB/WJDiaxONLJQnF8ccx9SEeoTTLek8RVbaOIsrAUS8VrBEXfmeSnCZxygc+XC2sNMBIwOOnfcxiynjHsVSQ=="
                }
            }
        },
        "lodash": {
            "version": "4.17.13",
            "resolved": "https://registry.npmjs.org/lodash/-/lodash-4.17.13.tgz",
            "integrity": "sha512-vm3/XWXfWtRua0FkUyEHBZy8kCPjErNBT9fJx8Zvs+U6zjqPbTUOpkaoum3O5uiA8sm+yNMHXfYkTUHFoMxFNA=="
        },
        "popper.js": {
            "version": "1.15.0",
            "resolved": "https://registry.npmjs.org/popper.js/-/popper.js-1.15.0.tgz",
            "integrity": "sha512-w010cY1oCUmI+9KwwlWki+r5jxKfTFDVoadl7MSrIujHU5MJ5OR6HTDj6Xo8aoR/QsA56x8jKjA59qGH4ELtrA=="
        },
        "resolve-url-loader": {
            "version": "2.3.2",
            "resolved": "https://registry.npmjs.org/resolve-url-loader/-/resolve-url-loader-2.3.2.tgz",
            "integrity": "sha512-sc/UVgiADdoTc+4cGPB7cUCnlEkzlxD1NXHw4oa9qA0fp30H8mAQ2ePJBP9MQ029DUuhEPouhNdvzT37pBCV0g==",
            "dependencies": {
                "camelcase": {
                    "version": "4.1.0",
                    "resolved": "https://registry.npmjs.org/camelcase/-/camelcase-4.1.0.tgz",
                    "integrity": "sha1-1UVjW+HjPFQmScaRc+Xeas+uNN0="
                }
            }
        },
        "sass": {
            "version": "1.18.0",
            "resolved": "https://registry.npmjs.org/sass/-/sass-1.18.0.tgz",
            "integrity": "sha512-Mc579V+BhH693tqt+lvph+gmRqmC6BjtsEVsjkW1944DEA5a0wPuCi781hL3fY4EDuqZnEVPbu42CZRywwE97g=="
        },
        "sass-loader": {
            "version": "7.1.0",
            "resolved": "https://registry.npmjs.org/sass-loader/-/sass-loader-7.1.0.tgz",
            "integrity": "sha512-+G+BKGglmZM2GUSfT9TLuEp6tzehHPjAMoRRItOojWIqIGPloVCMhNIQuG639eJ+y033PaGTSjLaTHts8Kw79w==",
            "dependencies": {
                "pify": {
                    "version": "3.0.0",
                    "resolved": "https://registry.npmjs.org/pify/-/pify-3.0.0.tgz",
                    "integrity": "sha1-5aSs0sEB/fPZpNB/DbxNtJ3SgXY="
                }
            }
        },
        "vue": {
            "version": "2.6.10",
            "resolved": "https://registry.npmjs.org/vue/-/vue-2.6.10.tgz",
            "integrity": "sha512-ImThpeNU9HbdZL3utgMCq0oiMzAkt1mcgy3/E6zWC/G6AaQoeuFdsl9nDhTDU3X1R6FK7nsIUuRACVcjI+A2GQ=="
        },
        "vue-router": {
            "version": "3.0.5",
            "resolved": "https://registry.npmjs.org/vue-router/-/vue-router-3.0.5.tgz",
            "integrity": "sha512-DGU+7+eeiSq/oNZ6epA/rcNkAd0m2+uugR5i4Eh4KBvclUmorvNJ6iForYjQkgvKi9GdamybaMpl85eDgxM2eQ=="
        },
        "vue-template-compiler": {
            "version": "2.6.10",
            "resolved": "https://registry.npmjs.org/vue-template-compiler/-/vue-template-compiler-2.6.10.tgz",
            "integrity": "sha512-jVZkw4/I/HT5ZMvRnhv78okGusqe0+qH2A0Em0Cp8aq78+NK9TII263CDVz2QXZsIT+yyV/gZc/j/vlwa+Epyg=="
        },
        "vuex": {
            "version": "3.1.0",
            "resolved": "https://registry.npmjs.org/vuex/-/vuex-3.1.0.tgz",
            "integrity": "sha512-mdHeHT/7u4BncpUZMlxNaIdcN/HIt1GsGG5LKByArvYG/v6DvHcOxvDCts+7SRdCoIRGllK8IMZvQtQXLppDYg=="
        },
        "vuex-persistedstate": {
            "version": "2.5.4",
            "resolved": "https://registry.npmjs.org/vuex-persistedstate/-/vuex-persistedstate-2.5.4.tgz",
            "integrity": "sha512-XYJhKIwO+ZVlTaXyxKxnplrJ88Fnvk5aDw753bxzRw5/yMKLQ6lq9CDCBex2fwZaQcLibhtgJOxGCHjy9GLSlQ=="
        }
    }
}
